
Microsoft Visual Studio Solution File, Format Version 12.00
# Visual Studio Version 16
VisualStudioVersion = 16.0.32106.194
MinimumVisualStudioVersion = 10.0.40219.1
Project("{FAE04EC0-301F-11D3-BF4B-00C04F79EFBC}") = "ConsoleAbstractClass", "ConsoleAbstractClass\ConsoleAbstractClass.csproj", "{FFBD9D01-F347-4A6F-B565-74B6F518BDBF}"
EndProject
Global
	GlobalSection(SolutionConfigurationPlatforms) = preSolution
		Debug|Any CPU = Debug|Any CPU
		Release|Any CPU = Release|Any CPU
	EndGlobalSection
	GlobalSection(ProjectConfigurationPlatforms) = postSolution
		{FFBD9D01-F347-4A6F-B565-74B6F518BDBF}.Debug|Any CPU.ActiveCfg = Debug|Any CPU
		{FFBD9D01-F347-4A6F-B565-74B6F518BDBF}.Debug|Any CPU.Build.0 = Debug|Any CPU
		{FFBD9D01-F347-4A6F-B565-74B6F518BDBF}.Release|Any CPU.ActiveCfg = Release|Any CPU
		{FFBD9D01-F347-4A6F-B565-74B6F518BDBF}.Release|Any CPU.Build.0 = Release|Any CPU
	EndGlobalSection
	GlobalSection(SolutionProperties) = preSolution
		HideSolutionNode = FALSE
	EndGlobalSection
	GlobalSection(ExtensibilityGlobals) = postSolution
		SolutionGuid = {08078DA1-8B26-4C3B-BBF9-CAF8A2EF2128}
	EndGlobalSection
EndGlobal
